
Microsoft Visual Studio Solution File, Format Version 12.00
# Visual Studio Version 17
VisualStudioVersion = 17.12.35527.113
MinimumVisualStudioVersion = 10.0.40219.1
Project("{FAE04EC0-301F-11D3-BF4B-00C04F79EFBC}") = "Exercicio1", "Exercicio1\Exercicio1.csproj", "{5A5DA036-6131-4180-8558-3D5E628F8763}"
EndProject
Project("{FAE04EC0-301F-11D3-BF4B-00C04F79EFBC}") = "Exercicio2", "Exercicio2\Exercicio2.csproj", "{8EFCB955-2DAB-4A4F-833D-10C362656B85}"
EndProject
Project("{FAE04EC0-301F-11D3-BF4B-00C04F79EFBC}") = "Exercicio3", "Exercicio3\Exercicio3.csproj", "{B07EF5E9-5EC3-488B-A2C5-637452311BC8}"
EndProject
Project("{FAE04EC0-301F-11D3-BF4B-00C04F79EFBC}") = "segundoProblema", "segundoProblema\segundoProblema.csproj", "{218ED3CD-3958-42BF-ACCA-5F45E61067C9}"
EndProject
Project("{FAE04EC0-301F-11D3-BF4B-00C04F79EFBC}") = "ExercicioFIxacao1", "ExercicioFIxacao1\ExercicioFIxacao1.csproj", "{991C0419-C1DD-4E95-B3B9-703E621EC4CF}"
EndProject
Project("{FAE04EC0-301F-11D3-BF4B-00C04F79EFBC}") = "ExercicioFixacao2", "ExercicioFixacao2\ExercicioFixacao2.csproj", "{D4F65B69-FA00-47D2-8B1B-1CB77D9DD5F9}"
EndProject
Project("{FAE04EC0-301F-11D3-BF4B-00C04F79EFBC}") = "ExercicioFixacao3", "ExercicioFixacao3\ExercicioFixacao3.csproj", "{3D79BCCF-FE92-4B2C-9459-CEC5FB2A66E9}"
EndProject
Project("{FAE04EC0-301F-11D3-BF4B-00C04F79EFBC}") = "ExercicioMembrosStaticos", "ExercicioMembrosStaticos\ExercicioMembrosStaticos.csproj", "{084AC2C7-AFEC-44ED-BD62-F55FE4AE9F97}"
EndProject
Global
	GlobalSection(SolutionConfigurationPlatforms) = preSolution
		Debug|Any CPU = Debug|Any CPU
		Release|Any CPU = Release|Any CPU
	EndGlobalSection
	GlobalSection(ProjectConfigurationPlatforms) = postSolution
		{5A5DA036-6131-4180-8558-3D5E628F8763}.Debug|Any CPU.ActiveCfg = Debug|Any CPU
		{5A5DA036-6131-4180-8558-3D5E628F8763}.Debug|Any CPU.Build.0 = Debug|Any CPU
		{5A5DA036-6131-4180-8558-3D5E628F8763}.Release|Any CPU.ActiveCfg = Release|Any CPU
		{5A5DA036-6131-4180-8558-3D5E628F8763}.Release|Any CPU.Build.0 = Release|Any CPU
		{8EFCB955-2DAB-4A4F-833D-10C362656B85}.Debug|Any CPU.ActiveCfg = Debug|Any CPU
		{8EFCB955-2DAB-4A4F-833D-10C362656B85}.Debug|Any CPU.Build.0 = Debug|Any CPU
		{8EFCB955-2DAB-4A4F-833D-10C362656B85}.Release|Any CPU.ActiveCfg = Release|Any CPU
		{8EFCB955-2DAB-4A4F-833D-10C362656B85}.Release|Any CPU.Build.0 = Release|Any CPU
		{B07EF5E9-5EC3-488B-A2C5-637452311BC8}.Debug|Any CPU.ActiveCfg = Debug|Any CPU
		{B07EF5E9-5EC3-488B-A2C5-637452311BC8}.Debug|Any CPU.Build.0 = Debug|Any CPU
		{B07EF5E9-5EC3-488B-A2C5-637452311BC8}.Release|Any CPU.ActiveCfg = Release|Any CPU
		{B07EF5E9-5EC3-488B-A2C5-637452311BC8}.Release|Any CPU.Build.0 = Release|Any CPU
		{218ED3CD-3958-42BF-ACCA-5F45E61067C9}.Debug|Any CPU.ActiveCfg = Debug|Any CPU
		{218ED3CD-3958-42BF-ACCA-5F45E61067C9}.Debug|Any CPU.Build.0 = Debug|Any CPU
		{218ED3CD-3958-42BF-ACCA-5F45E61067C9}.Release|Any CPU.ActiveCfg = Release|Any CPU
		{218ED3CD-3958-42BF-ACCA-5F45E61067C9}.Release|Any CPU.Build.0 = Release|Any CPU
		{991C0419-C1DD-4E95-B3B9-703E621EC4CF}.Debug|Any CPU.ActiveCfg = Debug|Any CPU
		{991C0419-C1DD-4E95-B3B9-703E621EC4CF}.Debug|Any CPU.Build.0 = Debug|Any CPU
		{991C0419-C1DD-4E95-B3B9-703E621EC4CF}.Release|Any CPU.ActiveCfg = Release|Any CPU
		{991C0419-C1DD-4E95-B3B9-703E621EC4CF}.Release|Any CPU.Build.0 = Release|Any CPU
		{D4F65B69-FA00-47D2-8B1B-1CB77D9DD5F9}.Debug|Any CPU.ActiveCfg = Debug|Any CPU
		{D4F65B69-FA00-47D2-8B1B-1CB77D9DD5F9}.Debug|Any CPU.Build.0 = Debug|Any CPU
		{D4F65B69-FA00-47D2-8B1B-1CB77D9DD5F9}.Release|Any CPU.ActiveCfg = Release|Any CPU
		{D4F65B69-FA00-47D2-8B1B-1CB77D9DD5F9}.Release|Any CPU.Build.0 = Release|Any CPU
		{3D79BCCF-FE92-4B2C-9459-CEC5FB2A66E9}.Debug|Any CPU.ActiveCfg = Debug|Any CPU
		{3D79BCCF-FE92-4B2C-9459-CEC5FB2A66E9}.Debug|Any CPU.Build.0 = Debug|Any CPU
		{3D79BCCF-FE92-4B2C-9459-CEC5FB2A66E9}.Release|Any CPU.ActiveCfg = Release|Any CPU
		{3D79BCCF-FE92-4B2C-9459-CEC5FB2A66E9}.Release|Any CPU.Build.0 = Release|Any CPU
		{084AC2C7-AFEC-44ED-BD62-F55FE4AE9F97}.Debug|Any CPU.ActiveCfg = Debug|Any CPU
		{084AC2C7-AFEC-44ED-BD62-F55FE4AE9F97}.Debug|Any CPU.Build.0 = Debug|Any CPU
		{084AC2C7-AFEC-44ED-BD62-F55FE4AE9F97}.Release|Any CPU.ActiveCfg = Release|Any CPU
		{084AC2C7-AFEC-44ED-BD62-F55FE4AE9F97}.Release|Any CPU.Build.0 = Release|Any CPU
	EndGlobalSection
	GlobalSection(SolutionProperties) = preSolution
		HideSolutionNode = FALSE
	EndGlobalSection
EndGlobal
